
Microsoft Visual Studio Solution File, Format Version 12.00
# Visual Studio Version 17
VisualStudioVersion = 17.10.35013.160
MinimumVisualStudioVersion = 10.0.40219.1
Project("{8BC9CEB8-8B4A-11D0-8D11-00A0C91BC942}") = "A.Watermelon", "A.Watermelon\A.Watermelon.vcxproj", "{07A8362D-8DD2-4CD6-A708-83F88CC87A3F}"
EndProject
Project("{8BC9CEB8-8B4A-11D0-8D11-00A0C91BC942}") = "A.WayTooLongWords", "A.WayTooLongWords\A.WayTooLongWords.vcxproj", "{B842CE4A-3C78-4728-8C91-A2B54BFBB3FF}"
EndProject
Project("{8BC9CEB8-8B4A-11D0-8D11-00A0C91BC942}") = "A.Team", "A.Team\A.Team.vcxproj", "{D3C134DC-2281-4FC9-B3C4-1FB33BB88D0C}"
EndProject
Global
	GlobalSection(SolutionConfigurationPlatforms) = preSolution
		Debug|x64 = Debug|x64
		Debug|x86 = Debug|x86
		Release|x64 = Release|x64
		Release|x86 = Release|x86
	EndGlobalSection
	GlobalSection(ProjectConfigurationPlatforms) = postSolution
		{07A8362D-8DD2-4CD6-A708-83F88CC87A3F}.Debug|x64.ActiveCfg = Debug|x64
		{07A8362D-8DD2-4CD6-A708-83F88CC87A3F}.Debug|x64.Build.0 = Debug|x64
		{07A8362D-8DD2-4CD6-A708-83F88CC87A3F}.Debug|x86.ActiveCfg = Debug|Win32
		{07A8362D-8DD2-4CD6-A708-83F88CC87A3F}.Debug|x86.Build.0 = Debug|Win32
		{07A8362D-8DD2-4CD6-A708-83F88CC87A3F}.Release|x64.ActiveCfg = Release|x64
		{07A8362D-8DD2-4CD6-A708-83F88CC87A3F}.Release|x64.Build.0 = Release|x64
		{07A8362D-8DD2-4CD6-A708-83F88CC87A3F}.Release|x86.ActiveCfg = Release|Win32
		{07A8362D-8DD2-4CD6-A708-83F88CC87A3F}.Release|x86.Build.0 = Release|Win32
		{B842CE4A-3C78-4728-8C91-A2B54BFBB3FF}.Debug|x64.ActiveCfg = Debug|x64
		{B842CE4A-3C78-4728-8C91-A2B54BFBB3FF}.Debug|x64.Build.0 = Debug|x64
		{B842CE4A-3C78-4728-8C91-A2B54BFBB3FF}.Debug|x86.ActiveCfg = Debug|Win32
		{B842CE4A-3C78-4728-8C91-A2B54BFBB3FF}.Debug|x86.Build.0 = Debug|Win32
		{B842CE4A-3C78-4728-8C91-A2B54BFBB3FF}.Release|x64.ActiveCfg = Release|x64
		{B842CE4A-3C78-4728-8C91-A2B54BFBB3FF}.Release|x64.Build.0 = Release|x64
		{B842CE4A-3C78-4728-8C91-A2B54BFBB3FF}.Release|x86.ActiveCfg = Release|Win32
		{B842CE4A-3C78-4728-8C91-A2B54BFBB3FF}.Release|x86.Build.0 = Release|Win32
		{D3C134DC-2281-4FC9-B3C4-1FB33BB88D0C}.Debug|x64.ActiveCfg = Debug|x64
		{D3C134DC-2281-4FC9-B3C4-1FB33BB88D0C}.Debug|x64.Build.0 = Debug|x64
		{D3C134DC-2281-4FC9-B3C4-1FB33BB88D0C}.Debug|x86.ActiveCfg = Debug|Win32
		{D3C134DC-2281-4FC9-B3C4-1FB33BB88D0C}.Debug|x86.Build.0 = Debug|Win32
		{D3C134DC-2281-4FC9-B3C4-1FB33BB88D0C}.Release|x64.ActiveCfg = Release|x64
		{D3C134DC-2281-4FC9-B3C4-1FB33BB88D0C}.Release|x64.Build.0 = Release|x64
		{D3C134DC-2281-4FC9-B3C4-1FB33BB88D0C}.Release|x86.ActiveCfg = Release|Win32
		{D3C134DC-2281-4FC9-B3C4-1FB33BB88D0C}.Release|x86.Build.0 = Release|Win32
	EndGlobalSection
	GlobalSection(SolutionProperties) = preSolution
		HideSolutionNode = FALSE
	EndGlobalSection
	GlobalSection(ExtensibilityGlobals) = postSolution
		SolutionGuid = {E29AD8A2-6FCD-4E4B-8577-F8A2115EE4D2}
	EndGlobalSection
EndGlobal
